PODS:
  - Alamofire (5.0.0-beta.6)
  - AlamoRecord (2.0.0):
    - Alamofire (= 5.0.0-beta.6)
  - KeyboardSpy (1.1)
  - MarqueeLabel (4.0.0)
  - NotificationBannerSwift (2.2.0):
    - MarqueeLabel (~> 4.0.0)
    - SnapKit (~> 5.0.0)
  - SnapKit (5.0.0)

DEPENDENCIES:
  - AlamoRecord (from `../`)
  - KeyboardSpy
  - NotificationBannerSwift
  - SnapKit

SPEC REPOS:
  https://github.com/cocoapods/specs.git:
    - Alamofire
    - KeyboardSpy
    - MarqueeLabel
    - NotificationBannerSwift
    - SnapKit

EXTERNAL SOURCES:
  AlamoRecord:
    :path: "../"

SPEC CHECKSUMS:
  Alamofire: cd08a4402bd12cacd0c66f23fb12fec8d6b965e4
  AlamoRecord: 92fb2db13838474750f90605d8a37c932d530db1
  KeyboardSpy: 4552ddd413d3b856b3b396422fccb8e1b3008524
  MarqueeLabel: b55b26e690b6ad41faedd95cbf5eae6f1d1735b4
  NotificationBannerSwift: 0ebb4b35e18c0515fdfe01b5ebd90c3eb1255e3d
  SnapKit: fd22d10eb9aff484d79a8724eab922c1ddf89bcf

PODFILE CHECKSUM: f5d73d86856e49073d0206d4e3f83582b8a8a64b

COCOAPODS: 1.6.1
