PODS:
  - Alamofire (4.5.1)
  - AlamofireObjectMapper (5.0.0):
    - Alamofire (~> 4.1)
    - ObjectMapper (~> 3.0)
  - AlamoRecord (1.0.4):
    - AlamofireObjectMapper (~> 5.0)
  - KeyboardSpy (1.1)
  - MarqueeLabel/Swift (3.1.3)
  - NotificationBannerSwift (1.5.1):
    - MarqueeLabel/Swift
    - SnapKit (~> 4.0)
  - ObjectMapper (3.0.0)
  - SnapKit (4.0.0)

DEPENDENCIES:
  - AlamoRecord (from `../`)
  - KeyboardSpy
  - NotificationBannerSwift
  - SnapKit

EXTERNAL SOURCES:
  AlamoRecord:
    :path: ../

SPEC CHECKSUMS:
  Alamofire: 2d95912bf4c34f164fdfc335872e8c312acaea4a
  AlamofireObjectMapper: 5fafc816351cbbc0d486611aaeba7461c0cbad49
  AlamoRecord: 3b9bd697dea11d12b33b19da3d55165201c7e290
  KeyboardSpy: 4552ddd413d3b856b3b396422fccb8e1b3008524
  MarqueeLabel: baa5753dcbd36dca080e1f5c589a665aa5c906f1
  NotificationBannerSwift: 666e6c392238561c17a52db4c50e6f00d9942e0d
  ObjectMapper: 92230db59bf8f341a5c3a3cf0b9fbdde3cf0d87f
  SnapKit: a42d492c16e80209130a3379f73596c3454b7694

PODFILE CHECKSUM: 3f63a2fa4d48882e49f031da151d69b53b92a842

COCOAPODS: 1.3.1
