PODS:
  - Alamofire (5.0.0-rc.2)
  - AlamoRecord (2.0.2):
    - Alamofire (= 5.0.0-rc.2)
  - KeyboardSpy (1.1)
  - MarqueeLabel (4.0.0)
  - NotificationBannerSwift (2.2.0):
    - MarqueeLabel (~> 4.0.0)
    - SnapKit (~> 5.0.0)
  - SnapKit (5.0.0)

DEPENDENCIES:
  - AlamoRecord (from `../`)
  - KeyboardSpy
  - NotificationBannerSwift
  - SnapKit

SPEC REPOS:
  https://github.com/cocoapods/specs.git:
    - Alamofire
    - KeyboardSpy
    - MarqueeLabel
    - NotificationBannerSwift
    - SnapKit

EXTERNAL SOURCES:
  AlamoRecord:
    :path: "../"

SPEC CHECKSUMS:
  Alamofire: f9450d3c7f6bea2ad62e7a541c3e9b186c7991d6
  AlamoRecord: d4792b675de3a9b2e206e3f0b8a4893102127fa1
  KeyboardSpy: 4552ddd413d3b856b3b396422fccb8e1b3008524
  MarqueeLabel: b55b26e690b6ad41faedd95cbf5eae6f1d1735b4
  NotificationBannerSwift: 0ebb4b35e18c0515fdfe01b5ebd90c3eb1255e3d
  SnapKit: fd22d10eb9aff484d79a8724eab922c1ddf89bcf

PODFILE CHECKSUM: f5d73d86856e49073d0206d4e3f83582b8a8a64b

COCOAPODS: 1.6.1
